
Microsoft Visual Studio Solution File, Format Version 12.00
# Visual Studio Version 16
VisualStudioVersion = 16.0.31321.278
MinimumVisualStudioVersion = 10.0.40219.1
Project("{FAE04EC0-301F-11D3-BF4B-00C04F79EFBC}") = "CodeWarsChallenges", "CodeWarsChallenges\CodeWarsChallenges.csproj", "{D6247870-B42D-41DE-9904-67EE1DC17AE5}"
EndProject
Global
	GlobalSection(SolutionConfigurationPlatforms) = preSolution
		Debug|Any CPU = Debug|Any CPU
		Release|Any CPU = Release|Any CPU
	EndGlobalSection
	GlobalSection(ProjectConfigurationPlatforms) = postSolution
		{D6247870-B42D-41DE-9904-67EE1DC17AE5}.Debug|Any CPU.ActiveCfg = Debug|Any CPU
		{D6247870-B42D-41DE-9904-67EE1DC17AE5}.Debug|Any CPU.Build.0 = Debug|Any CPU
		{D6247870-B42D-41DE-9904-67EE1DC17AE5}.Release|Any CPU.ActiveCfg = Release|Any CPU
		{D6247870-B42D-41DE-9904-67EE1DC17AE5}.Release|Any CPU.Build.0 = Release|Any CPU
	EndGlobalSection
	GlobalSection(SolutionProperties) = preSolution
		HideSolutionNode = FALSE
	EndGlobalSection
	GlobalSection(ExtensibilityGlobals) = postSolution
		SolutionGuid = {3819ED46-3C8D-42ED-9B64-037FADE1B5AF}
	EndGlobalSection
EndGlobal
